{
  "version": 4,
  "terraform_version": "1.16.1",
  "serial": 6,
  "lineage": "84ebb1ff-41bc-db16-11f7-64f1e7f55426",
  "outputs": {},
  "resources": [
    {
      "module": "module.app_one",
      "mode": "managed",
      "type": "local_file",
      "name": "app",
      "provider": "provider[\"registry.terraform.io/hashicorp/local\"]",
      "instances": [
        {
          "schema_version": 0,
          "attributes": {
            "content": "Running application: trackr",
            "content_base64": null,
            "content_base64sha256": "g0F2q9gW/6UEBUy8XB3KePiUxN+3ygCEyp4fqd6wTT8=",
            "content_base64sha512": "jm8UPODWM6TjIiu6hWpp5sA1pJZAq4I/GSsKkqKuyJEjRWnv4MpKlL/UuBXuFhqmy/u36IgQ2gQ+TvTt2cT0gg==",
            "content_md5": "94fa151c30e2a181554bcf77745b432c",
            "content_sha1": "464ffbd4bd53213eec0baab7e9f991fbcf613397",
            "content_sha256": "834176abd816ffa504054cbc5c1dca78f894c4dfb7ca0084ca9e1fa9deb04d3f",
            "content_sha512": "8e6f143ce0d633a4e3222bba856a69e6c035a49640ab823f192b0a92a2aec891234569efe0ca4a94bfd4b815ee161aa6cbfbb7e88810da043e4ef4edd9c4f482",
            "directory_permission": "0777",
            "file_permission": "0777",
            "filename": "modules/trackr.txt",
            "id": "464ffbd4bd53213eec0baab7e9f991fbcf613397",
            "sensitive_content": null,
            "source": null
          },
          "sensitive_attributes": [
            [
              {
                "type": "get_attr",
                "value": "sensitive_content"
              }
            ]
          ],
          "identity_schema_version": 0
        }
      ]
    },
    {
      "module": "module.app_two",
      "mode": "managed",
      "type": "local_file",
      "name": "app",
      "provider": "provider[\"registry.terraform.io/hashicorp/local\"]",
      "instances": [
        {
          "schema_version": 0,
          "attributes": {
            "content": "Running application: SignWeaver",
            "content_base64": null,
            "content_base64sha256": "UR+EJHbysmaZEoePTHGxmLAdgDQx5khYZUnVC2ky7nc=",
            "content_base64sha512": "uGKf2Kqv4vNnXmiBzu5hxMcuRG/x8LWHOwpIMdfF55fG5Cmy78tUPp7YsBK32FVIB+GqSD9rDHeEzxMSdtLx4g==",
            "content_md5": "d2f0f0bf68989c15d8fc04a132398c47",
            "content_sha1": "3efd9fbb124be2e3f126d76f7d51e56c777f72fc",
            "content_sha256": "511f842476f2b2669912878f4c71b198b01d803431e648586549d50b6932ee77",
            "content_sha512": "b8629fd8aaafe2f3675e6881ceee61c4c72e446ff1f0b5873b0a4831d7c5e797c6e429b2efcb543e9ed8b012b7d8554807e1aa483f6b0c7784cf131276d2f1e2",
            "directory_permission": "0777",
            "file_permission": "0777",
            "filename": "modules/SignWeaver.txt",
            "id": "3efd9fbb124be2e3f126d76f7d51e56c777f72fc",
            "sensitive_content": null,
            "source": null
          },
          "sensitive_attributes": [
            [
              {
                "type": "get_attr",
                "value": "sensitive_content"
              }
            ]
          ],
          "identity_schema_version": 0
        }
      ]
    }
  ],
  "check_results": null
}
