{
  "version": 4,
  "terraform_version": "1.16.1",
  "serial": 13,
  "lineage": "cd623afa-5599-04f3-999b-6f9aa7eae03f",
  "outputs": {
    "admin_success": {
      "value": "./admin-log.txt",
      "type": "string"
    },
    "welcome_success": {
      "value": "Welcome Mike to the dev environment!",
      "type": "string"
    }
  },
  "resources": [
    {
      "mode": "managed",
      "type": "local_file",
      "name": "admin_log",
      "provider": "provider[\"registry.terraform.io/hashicorp/local\"]",
      "instances": [
        {
          "schema_version": 0,
          "attributes": {
            "content": "Admin log created for Mike.",
            "content_base64": null,
            "content_base64sha256": "5dc5zmfoxq209JXkuBjkuIoa+XQbqNmVd8aIZZAi6C4=",
            "content_base64sha512": "08Hpg7lmMwjCyOwHafSgUhu9xsVwrd0PnM7aBHrYCt1xmVwGGHlCLClyWqAltucZMhB5UOciaIGudjNWZJ7ubw==",
            "content_md5": "024a5f8ab64b52e52e5b3ee3d33784d9",
            "content_sha1": "47b9c362f931eaafbc3a0129478cd2b4d0943642",
            "content_sha256": "e5d739ce67e8c6adb4f495e4b818e4b88a1af9741ba8d99577c688659022e82e",
            "content_sha512": "d3c1e983b9663308c2c8ec0769f4a0521bbdc6c570addd0f9cceda047ad80add71995c061879422c29725aa025b6e71932107950e7226881ae763356649eee6f",
            "directory_permission": "0777",
            "file_permission": "0777",
            "filename": "./admin-log.txt",
            "id": "47b9c362f931eaafbc3a0129478cd2b4d0943642",
            "sensitive_content": null,
            "source": null
          },
          "sensitive_attributes": [
            [
              {
                "type": "get_attr",
                "value": "sensitive_content"
              }
            ]
          ],
          "identity_schema_version": 0
        }
      ]
    },
    {
      "mode": "managed",
      "type": "local_file",
      "name": "welcome",
      "provider": "provider[\"registry.terraform.io/hashicorp/local\"]",
      "instances": [
        {
          "schema_version": 0,
          "attributes": {
            "content": "Welcome Mike to the dev environment!",
            "content_base64": null,
            "content_base64sha256": "Dsw2JsqM/wORBC/EmLE75ZqufKCxNJZJkOS6KTOskRM=",
            "content_base64sha512": "Xnv2umlmT9073YWl+xoToO6Q6f06UQvFKVKejBNXCFQ1Pib5OfUtVk+PfUF/8AeZtfDVtWicvQVja0SlpEpzwQ==",
            "content_md5": "23513fc2c11188c48af3fc2a440a0ee0",
            "content_sha1": "d5daf2fe1e5301f9f6992f3552ecc219164ac85b",
            "content_sha256": "0ecc3626ca8cff0391042fc498b13be59aae7ca0b134964990e4ba2933ac9113",
            "content_sha512": "5e7bf6ba69664fdd3bdd85a5fb1a13a0ee90e9fd3a510bc529529e8c13570854353e26f939f52d564f8f7d417ff00799b5f0d5b5689cbd05636b44a5a44a73c1",
            "directory_permission": "0777",
            "file_permission": "0777",
            "filename": "./welcome.txt",
            "id": "d5daf2fe1e5301f9f6992f3552ecc219164ac85b",
            "sensitive_content": null,
            "source": null
          },
          "sensitive_attributes": [
            [
              {
                "type": "get_attr",
                "value": "sensitive_content"
              }
            ]
          ],
          "identity_schema_version": 0
        }
      ]
    }
  ],
  "check_results": null
}
