{
  "version": 4,
  "terraform_version": "1.16.1",
  "serial": 28,
  "lineage": "057991c9-dbba-48bd-8d7d-0275f701a3cf",
  "outputs": {},
  "resources": [
    {
      "mode": "managed",
      "type": "local_file",
      "name": "role_files",
      "provider": "provider[\"registry.terraform.io/hashicorp/local\"]",
      "instances": [
        {
          "index_key": "api",
          "schema_version": 0,
          "attributes": {
            "content": "This is api role",
            "content_base64": null,
            "content_base64sha256": "yzg2j0l9Xw6yNkQognEdVZUYXWrpN3fRzBtTdE4cK5Y=",
            "content_base64sha512": "M3kDVCsqBd0MYjnqEVzkaT0m3Z42bMsmy8s4fy7pONibMQ6wVgQicZAIYnzq/aEQIyaFFeQkES2RvZjYWdNtVg==",
            "content_md5": "b4c1d2729e0748bb6cd002a81cee48fc",
            "content_sha1": "ab14c00983072a5e23b6b73d14296d948f5a5a98",
            "content_sha256": "cb38368f497d5f0eb236442882711d5595185d6ae93777d1cc1b53744e1c2b96",
            "content_sha512": "337903542b2a05dd0c6239ea115ce4693d26dd9e366ccb26cbcb387f2ee938d89b310eb0560422719008627ceafda11023268515e424112d91bd98d859d36d56",
            "directory_permission": "0777",
            "file_permission": "0777",
            "filename": "./roles/api-config.txt",
            "id": "ab14c00983072a5e23b6b73d14296d948f5a5a98",
            "sensitive_content": null,
            "source": null
          },
          "sensitive_attributes": [
            [
              {
                "type": "get_attr",
                "value": "sensitive_content"
              }
            ]
          ],
          "identity_schema_version": 0
        },
        {
          "index_key": "db",
          "schema_version": 0,
          "attributes": {
            "content": "This is db role",
            "content_base64": null,
            "content_base64sha256": "4szi8KUD0AQBtsEl9Ib0TYIq0JXJEhGaHvvRp9WEbNc=",
            "content_base64sha512": "pB2ZdbcchkY7Wya9W/hP0PPBgmUoMIzEnq0sTHhKX3viIy+9Hw4Bp7NoL/9CG0ZVT64QMWevIZTsW3lrW8V7FQ==",
            "content_md5": "6ce9b9878250d6b500b7ff15bc469335",
            "content_sha1": "e28e30d519076589358614f6dd57bb35ba50ef15",
            "content_sha256": "e2cce2f0a503d00401b6c125f486f44d822ad095c912119a1efbd1a7d5846cd7",
            "content_sha512": "a41d9975b71c86463b5b26bd5bf84fd0f3c1826528308cc49ead2c4c784a5f7be2232fbd1f0e01a7b3682fff421b46554fae103167af2194ec5b796b5bc57b15",
            "directory_permission": "0777",
            "file_permission": "0777",
            "filename": "./roles/db-config.txt",
            "id": "e28e30d519076589358614f6dd57bb35ba50ef15",
            "sensitive_content": null,
            "source": null
          },
          "sensitive_attributes": [
            [
              {
                "type": "get_attr",
                "value": "sensitive_content"
              }
            ]
          ],
          "identity_schema_version": 0
        },
        {
          "index_key": "web",
          "schema_version": 0,
          "attributes": {
            "content": "This is web role",
            "content_base64": null,
            "content_base64sha256": "InGlgGwoCONfYKUKWP1Aew8GfHfJnnL0u9uKQuLKU8c=",
            "content_base64sha512": "TsBrEK8FTvrGFltyt+DvzHcenT2p+DabOQu3sWuZAgPvo9hEk0dOe6/CN+hGd1WhBJgJmbXIy37g1BbWLRHg8Q==",
            "content_md5": "dc92ff97ea7993466285a6b1c4bebc13",
            "content_sha1": "09595044f3a05737e62bf4836fa80bb3b5f2efa2",
            "content_sha256": "2271a5806c2808e35f60a50a58fd407b0f067c77c99e72f4bbdb8a42e2ca53c7",
            "content_sha512": "4ec06b10af054efac6165b72b7e0efcc771e9d3da9f8369b390bb7b16b990203efa3d84493474e7bafc237e8467755a104980999b5c8cb7ee0d416d62d11e0f1",
            "directory_permission": "0777",
            "file_permission": "0777",
            "filename": "./roles/web-config.txt",
            "id": "09595044f3a05737e62bf4836fa80bb3b5f2efa2",
            "sensitive_content": null,
            "source": null
          },
          "sensitive_attributes": [
            [
              {
                "type": "get_attr",
                "value": "sensitive_content"
              }
            ]
          ],
          "identity_schema_version": 0
        }
      ]
    },
    {
      "mode": "managed",
      "type": "local_file",
      "name": "workers",
      "provider": "provider[\"registry.terraform.io/hashicorp/local\"]",
      "instances": [
        {
          "index_key": 0,
          "schema_version": 0,
          "attributes": {
            "content": "This is worker node 0",
            "content_base64": null,
            "content_base64sha256": "xCz2+E6Jap2NLfV6r1deXTcTmdn7is1RPZnDUHzPw4U=",
            "content_base64sha512": "0W0Xnzhqj5gONHlGMx3DppMsdCG03d9zftia3qUM4lDugFRRQcL/wIUSDAgwFScY91vx+6+XlkwLL1RV9AMITA==",
            "content_md5": "26497aed934d5a056bfe5c77d073afc7",
            "content_sha1": "fbe67f4cb44200cdea3cc6b92e6da97b852509bd",
            "content_sha256": "c42cf6f84e896a9d8d2df57aaf575e5d371399d9fb8acd513d99c3507ccfc385",
            "content_sha512": "d16d179f386a8f980e347946331dc3a6932c7421b4dddf737ed89adea50ce250ee80545141c2ffc085120c0830152718f75bf1fbaf97964c0b2f5455f403084c",
            "directory_permission": "0777",
            "file_permission": "0777",
            "filename": "./workers/worker-0.txt",
            "id": "fbe67f4cb44200cdea3cc6b92e6da97b852509bd",
            "sensitive_content": null,
            "source": null
          },
          "sensitive_attributes": [
            [
              {
                "type": "get_attr",
                "value": "sensitive_content"
              }
            ]
          ],
          "identity_schema_version": 0
        },
        {
          "index_key": 1,
          "schema_version": 0,
          "attributes": {
            "content": "This is worker node 1",
            "content_base64": null,
            "content_base64sha256": "flsy19sUni6KObZ2aY0j9C93Xd7/qVly2Zh9Y3aEUvk=",
            "content_base64sha512": "3si5EXtxNNXejxD1HzZ/ZHoNnSBSMzuwfCpZiSHwAKCGAg7/qyoMKYsvSAf1ezb6kw8X6uu94TG456vaQ3C2lg==",
            "content_md5": "ece300c4cc7330339ceae9cafaa89687",
            "content_sha1": "f686c3c525eabfe5639de5a9b02b29f0d029e701",
            "content_sha256": "7e5b32d7db149e2e8a39b676698d23f42f775ddeffa95972d9987d63768452f9",
            "content_sha512": "dec8b9117b7134d5de8f10f51f367f647a0d9d2052333bb07c2a598921f000a086020effab2a0c298b2f4807f57b36fa930f17eaebbde131b8e7abda4370b696",
            "directory_permission": "0777",
            "file_permission": "0777",
            "filename": "./workers/worker-1.txt",
            "id": "f686c3c525eabfe5639de5a9b02b29f0d029e701",
            "sensitive_content": null,
            "source": null
          },
          "sensitive_attributes": [
            [
              {
                "type": "get_attr",
                "value": "sensitive_content"
              }
            ]
          ],
          "identity_schema_version": 0
        },
        {
          "index_key": 2,
          "schema_version": 0,
          "attributes": {
            "content": "This is worker node 2",
            "content_base64": null,
            "content_base64sha256": "y56s1p6p/uLXAClgiLZ7pdIB2ez21Tb455i5JX66YtI=",
            "content_base64sha512": "atB0a7klA8nFgMeqhQrV2DmpZbxX0g/uzORgqk91QYnIUakDdoRGg2x51h/b+1DYtvnwJAlthsPXjWof+Qy1vQ==",
            "content_md5": "a559e7e7ffb6aa8fb8e691424578222b",
            "content_sha1": "6233a2a0cbfefad35198237c86811c395d7cad4e",
            "content_sha256": "cb9eacd69ea9fee2d700296088b67ba5d201d9ecf6d536f8e798b9257eba62d2",
            "content_sha512": "6ad0746bb92503c9c580c7aa850ad5d839a965bc57d20feecce460aa4f754189c851a903768446836c79d61fdbfb50d8b6f9f024096d86c3d78d6a1ff90cb5bd",
            "directory_permission": "0777",
            "file_permission": "0777",
            "filename": "./workers/worker-2.txt",
            "id": "6233a2a0cbfefad35198237c86811c395d7cad4e",
            "sensitive_content": null,
            "source": null
          },
          "sensitive_attributes": [
            [
              {
                "type": "get_attr",
                "value": "sensitive_content"
              }
            ]
          ],
          "identity_schema_version": 0
        }
      ]
    }
  ],
  "check_results": null
}
